
Microsoft Visual Studio Solution File, Format Version 12.00
# Visual Studio Version 16
VisualStudioVersion = 16.0.30330.147
MinimumVisualStudioVersion = 10.0.40219.1
Project("{FAE04EC0-301F-11D3-BF4B-00C04F79EFBC}") = "ConsoleApp1", "ConsoleApp1\ConsoleApp1.csproj", "{82490B14-A208-4D54-B751-173CC9E4A6E5}"
EndProject
Project("{FAE04EC0-301F-11D3-BF4B-00C04F79EFBC}") = "UnitTestProject1", "UnitTestProject1\UnitTestProject1.csproj", "{C284A2DA-B313-4BD1-8539-294F7B4121D2}"
EndProject
Global
	GlobalSection(SolutionConfigurationPlatforms) = preSolution
		Debug|Any CPU = Debug|Any CPU
		Release|Any CPU = Release|Any CPU
	EndGlobalSection
	GlobalSection(ProjectConfigurationPlatforms) = postSolution
		{82490B14-A208-4D54-B751-173CC9E4A6E5}.Debug|Any CPU.ActiveCfg = Debug|Any CPU
		{82490B14-A208-4D54-B751-173CC9E4A6E5}.Debug|Any CPU.Build.0 = Debug|Any CPU
		{82490B14-A208-4D54-B751-173CC9E4A6E5}.Release|Any CPU.ActiveCfg = Release|Any CPU
		{82490B14-A208-4D54-B751-173CC9E4A6E5}.Release|Any CPU.Build.0 = Release|Any CPU
		{C284A2DA-B313-4BD1-8539-294F7B4121D2}.Debug|Any CPU.ActiveCfg = Debug|Any CPU
		{C284A2DA-B313-4BD1-8539-294F7B4121D2}.Debug|Any CPU.Build.0 = Debug|Any CPU
		{C284A2DA-B313-4BD1-8539-294F7B4121D2}.Release|Any CPU.ActiveCfg = Release|Any CPU
		{C284A2DA-B313-4BD1-8539-294F7B4121D2}.Release|Any CPU.Build.0 = Release|Any CPU
	EndGlobalSection
	GlobalSection(SolutionProperties) = preSolution
		HideSolutionNode = FALSE
	EndGlobalSection
	GlobalSection(ExtensibilityGlobals) = postSolution
		SolutionGuid = {CC21C297-986B-491C-A039-A4B4EA569362}
	EndGlobalSection
EndGlobal
